
Microsoft Visual Studio Solution File, Format Version 12.00
# Visual Studio 15
VisualStudioVersion = 15.0.28307.902
MinimumVisualStudioVersion = 10.0.40219.1
Project("{FAE04EC0-301F-11D3-BF4B-00C04F79EFBC}") = "PDF View 2", "PDF View 2\PDF View 2.csproj", "{92EA368D-E840-4009-A5F7-85B93A22B842}"
EndProject
Project("{FAE04EC0-301F-11D3-BF4B-00C04F79EFBC}") = "PdfTracker", "PdfTracker\PdfTracker.csproj", "{F2B4E541-9B05-461D-A85E-3E6FCCABE24E}"
EndProject
Global
	GlobalSection(SolutionConfigurationPlatforms) = preSolution
		Debug|Any CPU = Debug|Any CPU
		Debug|x86 = Debug|x86
		Release|Any CPU = Release|Any CPU
		Release|x86 = Release|x86
	EndGlobalSection
	GlobalSection(ProjectConfigurationPlatforms) = postSolution
		{92EA368D-E840-4009-A5F7-85B93A22B842}.Debug|Any CPU.ActiveCfg = Debug|Any CPU
		{92EA368D-E840-4009-A5F7-85B93A22B842}.Debug|Any CPU.Build.0 = Debug|Any CPU
		{92EA368D-E840-4009-A5F7-85B93A22B842}.Debug|x86.ActiveCfg = Debug|Any CPU
		{92EA368D-E840-4009-A5F7-85B93A22B842}.Debug|x86.Build.0 = Debug|Any CPU
		{92EA368D-E840-4009-A5F7-85B93A22B842}.Release|Any CPU.ActiveCfg = Release|Any CPU
		{92EA368D-E840-4009-A5F7-85B93A22B842}.Release|Any CPU.Build.0 = Release|Any CPU
		{92EA368D-E840-4009-A5F7-85B93A22B842}.Release|x86.ActiveCfg = Release|Any CPU
		{92EA368D-E840-4009-A5F7-85B93A22B842}.Release|x86.Build.0 = Release|Any CPU
		{F2B4E541-9B05-461D-A85E-3E6FCCABE24E}.Debug|Any CPU.ActiveCfg = Debug|Any CPU
		{F2B4E541-9B05-461D-A85E-3E6FCCABE24E}.Debug|Any CPU.Build.0 = Debug|Any CPU
		{F2B4E541-9B05-461D-A85E-3E6FCCABE24E}.Debug|x86.ActiveCfg = Debug|Any CPU
		{F2B4E541-9B05-461D-A85E-3E6FCCABE24E}.Debug|x86.Build.0 = Debug|Any CPU
		{F2B4E541-9B05-461D-A85E-3E6FCCABE24E}.Release|Any CPU.ActiveCfg = Release|Any CPU
		{F2B4E541-9B05-461D-A85E-3E6FCCABE24E}.Release|Any CPU.Build.0 = Release|Any CPU
		{F2B4E541-9B05-461D-A85E-3E6FCCABE24E}.Release|x86.ActiveCfg = Release|Any CPU
		{F2B4E541-9B05-461D-A85E-3E6FCCABE24E}.Release|x86.Build.0 = Release|Any CPU
	EndGlobalSection
	GlobalSection(SolutionProperties) = preSolution
		HideSolutionNode = FALSE
	EndGlobalSection
	GlobalSection(ExtensibilityGlobals) = postSolution
		SolutionGuid = {D0AE041A-645E-4BC5-ADBB-29F50F67BB17}
	EndGlobalSection
EndGlobal
